// !$*UTF8*$!
{
	archiveVersion = 1;
	classes = {
	};
	objectVersion = 46;
	objects = {

/* Begin PBXBuildFile section */
		BB65C63B1F0D8858009585B4 /* AppDelegate.swift in Sources */ = {isa = PBXBuildFile; fileRef = BB65C63A1F0D8858009585B4 /* AppDelegate.swift */; };
		BB65C6401F0D8858009585B4 /* Main.storyboard in Resources */ = {isa = PBXBuildFile; fileRef = BB65C63E1F0D8858009585B4 /* Main.storyboard */; };
		BB65C6421F0D8858009585B4 /* Assets.xcassets in Resources */ = {isa = PBXBuildFile; fileRef = BB65C6411F0D8858009585B4 /* Assets.xcassets */; };
		BB65C6451F0D8858009585B4 /* LaunchScreen.storyboard in Resources */ = {isa = PBXBuildFile; fileRef = BB65C6431F0D8858009585B4 /* LaunchScreen.storyboard */; };
		BB65C6501F0D8858009585B4 /* mapToListOneTests.swift in Sources */ = {isa = PBXBuildFile; fileRef = BB65C64F1F0D8858009585B4 /* mapToListOneTests.swift */; };
		BB65C65C1F0D8A7B009585B4 /* ParentContainerController.swift in Sources */ = {isa = PBXBuildFile; fileRef = BB65C65B1F0D8A7B009585B4 /* ParentContainerController.swift */; };
		BB65C65E1F0D8E31009585B4 /* ChildMapViewContoller.swift in Sources */ = {isa = PBXBuildFile; fileRef = BB65C65D1F0D8E31009585B4 /* ChildMapViewContoller.swift */; };
		BB65C6601F0D92B0009585B4 /* LocationTableViewController.swift in Sources */ = {isa = PBXBuildFile; fileRef = BB65C65F1F0D92B0009585B4 /* LocationTableViewController.swift */; };
		BB65C6631F0D961D009585B4 /* LocationTableViewCell.swift in Sources */ = {isa = PBXBuildFile; fileRef = BB65C6621F0D961D009585B4 /* LocationTableViewCell.swift */; };
		BB8F7E9B1F0EEC4300A01E01 /* LocationTableDataSource.swift in Sources */ = {isa = PBXBuildFile; fileRef = BB8F7E9A1F0EEC4300A01E01 /* LocationTableDataSource.swift */; };
		BB8F7E9F1F0EFFA500A01E01 /* ChildMapViewDelegate.swift in Sources */ = {isa = PBXBuildFile; fileRef = BB8F7E9E1F0EFFA500A01E01 /* ChildMapViewDelegate.swift */; };
		BBB858E71F0DD8AA0019E584 /* ResturantLocation.swift in Sources */ = {isa = PBXBuildFile; fileRef = BBB858E61F0DD8AA0019E584 /* ResturantLocation.swift */; };
		BBB858E91F0DDC290019E584 /* RestaurantStore.swift in Sources */ = {isa = PBXBuildFile; fileRef = BBB858E81F0DDC290019E584 /* RestaurantStore.swift */; };
/* End PBXBuildFile section */

/* Begin PBXContainerItemProxy section */
		BB65C64C1F0D8858009585B4 /* PBXContainerItemProxy */ = {
			isa = PBXContainerItemProxy;
			containerPortal = BB65C62F1F0D8858009585B4 /* Project object */;
			proxyType = 1;
			remoteGlobalIDString = BB65C6361F0D8858009585B4;
			remoteInfo = mapToListOne;
		};
/* End PBXContainerItemProxy section */

/* Begin PBXFileReference section */
		BB65C6371F0D8858009585B4 /* mapToListOne.app */ = {isa = PBXFileReference; explicitFileType = wrapper.application; includeInIndex = 0; path = mapToListOne.app; sourceTree = BUILT_PRODUCTS_DIR; };
		BB65C63A1F0D8858009585B4 /* AppDelegate.swift */ = {isa = PBXFileReference; lastKnownFileType = sourcecode.swift; path = AppDelegate.swift; sourceTree = "<group>"; };
		BB65C63F1F0D8858009585B4 /* Base */ = {isa = PBXFileReference; lastKnownFileType = file.storyboard; name = Base; path = Base.lproj/Main.storyboard; sourceTree = "<group>"; };
		BB65C6411F0D8858009585B4 /* Assets.xcassets */ = {isa = PBXFileReference; lastKnownFileType = folder.assetcatalog; path = Assets.xcassets; sourceTree = "<group>"; };
		BB65C6441F0D8858009585B4 /* Base */ = {isa = PBXFileReference; lastKnownFileType = file.storyboard; name = Base; path = Base.lproj/LaunchScreen.storyboard; sourceTree = "<group>"; };
		BB65C6461F0D8858009585B4 /* Info.plist */ = {isa = PBXFileReference; lastKnownFileType = text.plist.xml; path = Info.plist; sourceTree = "<group>"; };
		BB65C64B1F0D8858009585B4 /* mapToListOneTests.xctest */ = {isa = PBXFileReference; explicitFileType = wrapper.cfbundle; includeInIndex = 0; path = mapToListOneTests.xctest; sourceTree = BUILT_PRODUCTS_DIR; };
		BB65C64F1F0D8858009585B4 /* mapToListOneTests.swift */ = {isa = PBXFileReference; lastKnownFileType = sourcecode.swift; path = mapToListOneTests.swift; sourceTree = "<group>"; };
		BB65C6511F0D8858009585B4 /* Info.plist */ = {isa = PBXFileReference; lastKnownFileType = text.plist.xml; path = Info.plist; sourceTree = "<group>"; };
		BB65C65B1F0D8A7B009585B4 /* ParentContainerController.swift */ = {isa = PBXFileReference; fileEncoding = 4; lastKnownFileType = sourcecode.swift; name = ParentContainerController.swift; path = Controllers/ParentContainerController.swift; sourceTree = "<group>"; };
		BB65C65D1F0D8E31009585B4 /* ChildMapViewContoller.swift */ = {isa = PBXFileReference; fileEncoding = 4; lastKnownFileType = sourcecode.swift; name = ChildMapViewContoller.swift; path = Controllers/ChildMapViewContoller.swift; sourceTree = "<group>"; };
		BB65C65F1F0D92B0009585B4 /* LocationTableViewController.swift */ = {isa = PBXFileReference; fileEncoding = 4; lastKnownFileType = sourcecode.swift; name = LocationTableViewController.swift; path = Controllers/LocationTableViewController.swift; sourceTree = "<group>"; };
		BB65C6621F0D961D009585B4 /* LocationTableViewCell.swift */ = {isa = PBXFileReference; fileEncoding = 4; lastKnownFileType = sourcecode.swift; name = LocationTableViewCell.swift; path = Views/LocationTableViewCell.swift; sourceTree = "<group>"; };
		BB8F7E9A1F0EEC4300A01E01 /* LocationTableDataSource.swift */ = {isa = PBXFileReference; fileEncoding = 4; lastKnownFileType = sourcecode.swift; name = LocationTableDataSource.swift; path = Controllers/LocationTableDataSource.swift; sourceTree = "<group>"; };
		BB8F7E9E1F0EFFA500A01E01 /* ChildMapViewDelegate.swift */ = {isa = PBXFileReference; fileEncoding = 4; lastKnownFileType = sourcecode.swift; name = ChildMapViewDelegate.swift; path = Controllers/ChildMapViewDelegate.swift; sourceTree = "<group>"; };
		BBB858E61F0DD8AA0019E584 /* ResturantLocation.swift */ = {isa = PBXFileReference; fileEncoding = 4; lastKnownFileType = sourcecode.swift; name = ResturantLocation.swift; path = Model/ResturantLocation.swift; sourceTree = "<group>"; };
		BBB858E81F0DDC290019E584 /* RestaurantStore.swift */ = {isa = PBXFileReference; fileEncoding = 4; lastKnownFileType = sourcecode.swift; name = RestaurantStore.swift; path = Model/RestaurantStore.swift; sourceTree = "<group>"; };
/* End PBXFileReference section */

/* Begin PBXFrameworksBuildPhase section */
		BB65C6341F0D8858009585B4 /* Frameworks */ = {
			isa = PBXFrameworksBuildPhase;
			buildActionMask = 2147483647;
			files = (
			);
			runOnlyForDeploymentPostprocessing = 0;
		};
		BB65C6481F0D8858009585B4 /* Frameworks */ = {
			isa = PBXFrameworksBuildPhase;
			buildActionMask = 2147483647;
			files = (
			);
			runOnlyForDeploymentPostprocessing = 0;
		};
/* End PBXFrameworksBuildPhase section */

/* Begin PBXGroup section */
		BB65C62E1F0D8858009585B4 = {
			isa = PBXGroup;
			children = (
				BB65C6391F0D8858009585B4 /* mapToListOne */,
				BB65C64E1F0D8858009585B4 /* mapToListOneTests */,
				BB65C6381F0D8858009585B4 /* Products */,
			);
			sourceTree = "<group>";
		};
		BB65C6381F0D8858009585B4 /* Products */ = {
			isa = PBXGroup;
			children = (
				BB65C6371F0D8858009585B4 /* mapToListOne.app */,
				BB65C64B1F0D8858009585B4 /* mapToListOneTests.xctest */,
			);
			name = Products;
			sourceTree = "<group>";
		};
		BB65C6391F0D8858009585B4 /* mapToListOne */ = {
			isa = PBXGroup;
			children = (
				BB65C65A1F0D8A37009585B4 /* Controller */,
				BBB858DF1F0D9C0F0019E584 /* Model */,
				BB65C6611F0D95C2009585B4 /* View */,
				BB65C63A1F0D8858009585B4 /* AppDelegate.swift */,
				BB65C63E1F0D8858009585B4 /* Main.storyboard */,
				BB65C6411F0D8858009585B4 /* Assets.xcassets */,
				BB65C6431F0D8858009585B4 /* LaunchScreen.storyboard */,
				BB65C6461F0D8858009585B4 /* Info.plist */,
			);
			path = mapToListOne;
			sourceTree = "<group>";
		};
		BB65C64E1F0D8858009585B4 /* mapToListOneTests */ = {
			isa = PBXGroup;
			children = (
				BB65C64F1F0D8858009585B4 /* mapToListOneTests.swift */,
				BB65C6511F0D8858009585B4 /* Info.plist */,
			);
			path = mapToListOneTests;
			sourceTree = "<group>";
		};
		BB65C65A1F0D8A37009585B4 /* Controller */ = {
			isa = PBXGroup;
			children = (
				BB8F7E9A1F0EEC4300A01E01 /* LocationTableDataSource.swift */,
				BB65C65F1F0D92B0009585B4 /* LocationTableViewController.swift */,
				BB65C65D1F0D8E31009585B4 /* ChildMapViewContoller.swift */,
				BB65C65B1F0D8A7B009585B4 /* ParentContainerController.swift */,
				BB8F7E9E1F0EFFA500A01E01 /* ChildMapViewDelegate.swift */,
			);
			name = Controller;
			sourceTree = "<group>";
		};
		BB65C6611F0D95C2009585B4 /* View */ = {
			isa = PBXGroup;
			children = (
				BB65C6621F0D961D009585B4 /* LocationTableViewCell.swift */,
			);
			name = View;
			sourceTree = "<group>";
		};
		BBB858DF1F0D9C0F0019E584 /* Model */ = {
			isa = PBXGroup;
			children = (
				BBB858E61F0DD8AA0019E584 /* ResturantLocation.swift */,
				BBB858E81F0DDC290019E584 /* RestaurantStore.swift */,
			);
			name = Model;
			sourceTree = "<group>";
		};
/* End PBXGroup section */

/* Begin PBXNativeTarget section */
		BB65C6361F0D8858009585B4 /* mapToListOne */ = {
			isa = PBXNativeTarget;
			buildConfigurationList = BB65C6541F0D8858009585B4 /* Build configuration list for PBXNativeTarget "mapToListOne" */;
			buildPhases = (
				BB65C6331F0D8858009585B4 /* Sources */,
				BB65C6341F0D8858009585B4 /* Frameworks */,
				BB65C6351F0D8858009585B4 /* Resources */,
			);
			buildRules = (
			);
			dependencies = (
			);
			name = mapToListOne;
			productName = mapToListOne;
			productReference = BB65C6371F0D8858009585B4 /* mapToListOne.app */;
			productType = "com.apple.product-type.application";
		};
		BB65C64A1F0D8858009585B4 /* mapToListOneTests */ = {
			isa = PBXNativeTarget;
			buildConfigurationList = BB65C6571F0D8858009585B4 /* Build configuration list for PBXNativeTarget "mapToListOneTests" */;
			buildPhases = (
				BB65C6471F0D8858009585B4 /* Sources */,
				BB65C6481F0D8858009585B4 /* Frameworks */,
				BB65C6491F0D8858009585B4 /* Resources */,
			);
			buildRules = (
			);
			dependencies = (
				BB65C64D1F0D8858009585B4 /* PBXTargetDependency */,
			);
			name = mapToListOneTests;
			productName = mapToListOneTests;
			productReference = BB65C64B1F0D8858009585B4 /* mapToListOneTests.xctest */;
			productType = "com.apple.product-type.bundle.unit-test";
		};
/* End PBXNativeTarget section */

/* Begin PBXProject section */
		BB65C62F1F0D8858009585B4 /* Project object */ = {
			isa = PBXProject;
			attributes = {
				LastSwiftUpdateCheck = 0820;
				LastUpgradeCheck = 0820;
				ORGANIZATIONNAME = ShefCooksCode;
				TargetAttributes = {
					BB65C6361F0D8858009585B4 = {
						CreatedOnToolsVersion = 8.2.1;
						ProvisioningStyle = Automatic;
					};
					BB65C64A1F0D8858009585B4 = {
						CreatedOnToolsVersion = 8.2.1;
						ProvisioningStyle = Automatic;
						TestTargetID = BB65C6361F0D8858009585B4;
					};
				};
			};
			buildConfigurationList = BB65C6321F0D8858009585B4 /* Build configuration list for PBXProject "mapToListOne" */;
			compatibilityVersion = "Xcode 3.2";
			developmentRegion = English;
			hasScannedForEncodings = 0;
			knownRegions = (
				en,
				Base,
			);
			mainGroup = BB65C62E1F0D8858009585B4;
			productRefGroup = BB65C6381F0D8858009585B4 /* Products */;
			projectDirPath = "";
			projectRoot = "";
			targets = (
				BB65C6361F0D8858009585B4 /* mapToListOne */,
				BB65C64A1F0D8858009585B4 /* mapToListOneTests */,
			);
		};
/* End PBXProject section */

/* Begin PBXResourcesBuildPhase section */
		BB65C6351F0D8858009585B4 /* Resources */ = {
			isa = PBXResourcesBuildPhase;
			buildActionMask = 2147483647;
			files = (
				BB65C6451F0D8858009585B4 /* LaunchScreen.storyboard in Resources */,
				BB65C6421F0D8858009585B4 /* Assets.xcassets in Resources */,
				BB65C6401F0D8858009585B4 /* Main.storyboard in Resources */,
			);
			runOnlyForDeploymentPostprocessing = 0;
		};
		BB65C6491F0D8858009585B4 /* Resources */ = {
			isa = PBXResourcesBuildPhase;
			buildActionMask = 2147483647;
			files = (
			);
			runOnlyForDeploymentPostprocessing = 0;
		};
/* End PBXResourcesBuildPhase section */

/* Begin PBXSourcesBuildPhase section */
		BB65C6331F0D8858009585B4 /* Sources */ = {
			isa = PBXSourcesBuildPhase;
			buildActionMask = 2147483647;
			files = (
				BB65C6601F0D92B0009585B4 /* LocationTableViewController.swift in Sources */,
				BB65C6631F0D961D009585B4 /* LocationTableViewCell.swift in Sources */,
				BBB858E91F0DDC290019E584 /* RestaurantStore.swift in Sources */,
				BB65C65C1F0D8A7B009585B4 /* ParentContainerController.swift in Sources */,
				BB8F7E9B1F0EEC4300A01E01 /* LocationTableDataSource.swift in Sources */,
				BB8F7E9F1F0EFFA500A01E01 /* ChildMapViewDelegate.swift in Sources */,
				BBB858E71F0DD8AA0019E584 /* ResturantLocation.swift in Sources */,
				BB65C65E1F0D8E31009585B4 /* ChildMapViewContoller.swift in Sources */,
				BB65C63B1F0D8858009585B4 /* AppDelegate.swift in Sources */,
			);
			runOnlyForDeploymentPostprocessing = 0;
		};
		BB65C6471F0D8858009585B4 /* Sources */ = {
			isa = PBXSourcesBuildPhase;
			buildActionMask = 2147483647;
			files = (
				BB65C6501F0D8858009585B4 /* mapToListOneTests.swift in Sources */,
			);
			runOnlyForDeploymentPostprocessing = 0;
		};
/* End PBXSourcesBuildPhase section */

/* Begin PBXTargetDependency section */
		BB65C64D1F0D8858009585B4 /* PBXTargetDependency */ = {
			isa = PBXTargetDependency;
			target = BB65C6361F0D8858009585B4 /* mapToListOne */;
			targetProxy = BB65C64C1F0D8858009585B4 /* PBXContainerItemProxy */;
		};
/* End PBXTargetDependency section */

/* Begin PBXVariantGroup section */
		BB65C63E1F0D8858009585B4 /* Main.storyboard */ = {
			isa = PBXVariantGroup;
			children = (
				BB65C63F1F0D8858009585B4 /* Base */,
			);
			name = Main.storyboard;
			sourceTree = "<group>";
		};
		BB65C6431F0D8858009585B4 /* LaunchScreen.storyboard */ = {
			isa = PBXVariantGroup;
			children = (
				BB65C6441F0D8858009585B4 /* Base */,
			);
			name = LaunchScreen.storyboard;
			sourceTree = "<group>";
		};
/* End PBXVariantGroup section */

/* Begin XCBuildConfiguration section */
		BB65C6521F0D8858009585B4 /* Debug */ = {
			isa = XCBuildConfiguration;
			buildSettings = {
				ALWAYS_SEARCH_USER_PATHS = NO;
				CLANG_ANALYZER_NONNULL = YES;
				CLANG_CXX_LANGUAGE_STANDARD = "gnu++0x";
				CLANG_CXX_LIBRARY = "libc++";
				CLANG_ENABLE_MODULES = YES;
				CLANG_ENABLE_OBJC_ARC = YES;
				CLANG_WARN_BOOL_CONVERSION = YES;
				CLANG_WARN_CONSTANT_CONVERSION = YES;
				CLANG_WARN_DIRECT_OBJC_ISA_USAGE = YES_ERROR;
				CLANG_WARN_DOCUMENTATION_COMMENTS = YES;
				CLANG_WARN_EMPTY_BODY = YES;
				CLANG_WARN_ENUM_CONVERSION = YES;
				CLANG_WARN_INFINITE_RECURSION = YES;
				CLANG_WARN_INT_CONVERSION = YES;
				CLANG_WARN_OBJC_ROOT_CLASS = YES_ERROR;
				CLANG_WARN_SUSPICIOUS_MOVE = YES;
				CLANG_WARN_UNREACHABLE_CODE = YES;
				CLANG_WARN__DUPLICATE_METHOD_MATCH = YES;
				"CODE_SIGN_IDENTITY[sdk=iphoneos*]" = "iPhone Developer";
				COPY_PHASE_STRIP = NO;
				DEBUG_INFORMATION_FORMAT = dwarf;
				ENABLE_STRICT_OBJC_MSGSEND = YES;
				ENABLE_TESTABILITY = YES;
				GCC_C_LANGUAGE_STANDARD = gnu99;
				GCC_DYNAMIC_NO_PIC = NO;
				GCC_NO_COMMON_BLOCKS = YES;
				GCC_OPTIMIZATION_LEVEL = 0;
				GCC_PREPROCESSOR_DEFINITIONS = (
					"DEBUG=1",
					"$(inherited)",
				);
				GCC_WARN_64_TO_32_BIT_CONVERSION = YES;
				GCC_WARN_ABOUT_RETURN_TYPE = YES_ERROR;
				GCC_WARN_UNDECLARED_SELECTOR = YES;
				GCC_WARN_UNINITIALIZED_AUTOS = YES_AGGRESSIVE;
				GCC_WARN_UNUSED_FUNCTION = YES;
				GCC_WARN_UNUSED_VARIABLE = YES;
				IPHONEOS_DEPLOYMENT_TARGET = 10.2;
				MTL_ENABLE_DEBUG_INFO = YES;
				ONLY_ACTIVE_ARCH = YES;
				SDKROOT = iphoneos;
				SWIFT_ACTIVE_COMPILATION_CONDITIONS = DEBUG;
				SWIFT_OPTIMIZATION_LEVEL = "-Onone";
				TARGETED_DEVICE_FAMILY = "1,2";
			};
			name = Debug;
		};
		BB65C6531F0D8858009585B4 /* Release */ = {
			isa = XCBuildConfiguration;
			buildSettings = {
				ALWAYS_SEARCH_USER_PATHS = NO;
				CLANG_ANALYZER_NONNULL = YES;
				CLANG_CXX_LANGUAGE_STANDARD = "gnu++0x";
				CLANG_CXX_LIBRARY = "libc++";
				CLANG_ENABLE_MODULES = YES;
				CLANG_ENABLE_OBJC_ARC = YES;
				CLANG_WARN_BOOL_CONVERSION = YES;
				CLANG_WARN_CONSTANT_CONVERSION = YES;
				CLANG_WARN_DIRECT_OBJC_ISA_USAGE = YES_ERROR;
				CLANG_WARN_DOCUMENTATION_COMMENTS = YES;
				CLANG_WARN_EMPTY_BODY = YES;
				CLANG_WARN_ENUM_CONVERSION = YES;
				CLANG_WARN_INFINITE_RECURSION = YES;
				CLANG_WARN_INT_CONVERSION = YES;
				CLANG_WARN_OBJC_ROOT_CLASS = YES_ERROR;
				CLANG_WARN_SUSPICIOUS_MOVE = YES;
				CLANG_WARN_UNREACHABLE_CODE = YES;
				CLANG_WARN__DUPLICATE_METHOD_MATCH = YES;
				"CODE_SIGN_IDENTITY[sdk=iphoneos*]" = "iPhone Developer";
				COPY_PHASE_STRIP = NO;
				DEBUG_INFORMATION_FORMAT = "dwarf-with-dsym";
				ENABLE_NS_ASSERTIONS = NO;
				ENABLE_STRICT_OBJC_MSGSEND = YES;
				GCC_C_LANGUAGE_STANDARD = gnu99;
				GCC_NO_COMMON_BLOCKS = YES;
				GCC_WARN_64_TO_32_BIT_CONVERSION = YES;
				GCC_WARN_ABOUT_RETURN_TYPE = YES_ERROR;
				GCC_WARN_UNDECLARED_SELECTOR = YES;
				GCC_WARN_UNINITIALIZED_AUTOS = YES_AGGRESSIVE;
				GCC_WARN_UNUSED_FUNCTION = YES;
				GCC_WARN_UNUSED_VARIABLE = YES;
				IPHONEOS_DEPLOYMENT_TARGET = 10.2;
				MTL_ENABLE_DEBUG_INFO = NO;
				SDKROOT = iphoneos;
				SWIFT_OPTIMIZATION_LEVEL = "-Owholemodule";
				TARGETED_DEVICE_FAMILY = "1,2";
				VALIDATE_PRODUCT = YES;
			};
			name = Release;
		};
		BB65C6551F0D8858009585B4 /* Debug */ = {
			isa = XCBuildConfiguration;
			buildSettings = {
				ASSETCATALOG_COMPILER_APPICON_NAME = AppIcon;
				INFOPLIST_FILE = mapToListOne/Info.plist;
				LD_RUNPATH_SEARCH_PATHS = "$(inherited) @executable_path/Frameworks";
				PRODUCT_BUNDLE_IDENTIFIER = com.shefcookscode.mapToListOne;
				PRODUCT_NAME = "$(TARGET_NAME)";
				SWIFT_VERSION = 3.0;
			};
			name = Debug;
		};
		BB65C6561F0D8858009585B4 /* Release */ = {
			isa = XCBuildConfiguration;
			buildSettings = {
				ASSETCATALOG_COMPILER_APPICON_NAME = AppIcon;
				INFOPLIST_FILE = mapToListOne/Info.plist;
				LD_RUNPATH_SEARCH_PATHS = "$(inherited) @executable_path/Frameworks";
				PRODUCT_BUNDLE_IDENTIFIER = com.shefcookscode.mapToListOne;
				PRODUCT_NAME = "$(TARGET_NAME)";
				SWIFT_VERSION = 3.0;
			};
			name = Release;
		};
		BB65C6581F0D8858009585B4 /* Debug */ = {
			isa = XCBuildConfiguration;
			buildSettings = {
				ALWAYS_EMBED_SWIFT_STANDARD_LIBRARIES = YES;
				BUNDLE_LOADER = "$(TEST_HOST)";
				INFOPLIST_FILE = mapToListOneTests/Info.plist;
				LD_RUNPATH_SEARCH_PATHS = "$(inherited) @executable_path/Frameworks @loader_path/Frameworks";
				PRODUCT_BUNDLE_IDENTIFIER = com.shefcookscode.mapToListOneTests;
				PRODUCT_NAME = "$(TARGET_NAME)";
				SWIFT_VERSION = 3.0;
				TEST_HOST = "$(BUILT_PRODUCTS_DIR)/mapToListOne.app/mapToListOne";
			};
			name = Debug;
		};
		BB65C6591F0D8858009585B4 /* Release */ = {
			isa = XCBuildConfiguration;
			buildSettings = {
				ALWAYS_EMBED_SWIFT_STANDARD_LIBRARIES = YES;
				BUNDLE_LOADER = "$(TEST_HOST)";
				INFOPLIST_FILE = mapToListOneTests/Info.plist;
				LD_RUNPATH_SEARCH_PATHS = "$(inherited) @executable_path/Frameworks @loader_path/Frameworks";
				PRODUCT_BUNDLE_IDENTIFIER = com.shefcookscode.mapToListOneTests;
				PRODUCT_NAME = "$(TARGET_NAME)";
				SWIFT_VERSION = 3.0;
				TEST_HOST = "$(BUILT_PRODUCTS_DIR)/mapToListOne.app/mapToListOne";
			};
			name = Release;
		};
/* End XCBuildConfiguration section */

/* Begin XCConfigurationList section */
		BB65C6321F0D8858009585B4 /* Build configuration list for PBXProject "mapToListOne" */ = {
			isa = XCConfigurationList;
			buildConfigurations = (
				BB65C6521F0D8858009585B4 /* Debug */,
				BB65C6531F0D8858009585B4 /* Release */,
			);
			defaultConfigurationIsVisible = 0;
			defaultConfigurationName = Release;
		};
		BB65C6541F0D8858009585B4 /* Build configuration list for PBXNativeTarget "mapToListOne" */ = {
			isa = XCConfigurationList;
			buildConfigurations = (
				BB65C6551F0D8858009585B4 /* Debug */,
				BB65C6561F0D8858009585B4 /* Release */,
			);
			defaultConfigurationIsVisible = 0;
			defaultConfigurationName = Release;
		};
		BB65C6571F0D8858009585B4 /* Build configuration list for PBXNativeTarget "mapToListOneTests" */ = {
			isa = XCConfigurationList;
			buildConfigurations = (
				BB65C6581F0D8858009585B4 /* Debug */,
				BB65C6591F0D8858009585B4 /* Release */,
			);
			defaultConfigurationIsVisible = 0;
			defaultConfigurationName = Release;
		};
/* End XCConfigurationList section */
	};
	rootObject = BB65C62F1F0D8858009585B4 /* Project object */;
}
